
Microsoft Visual Studio Solution File, Format Version 12.00
# Visual Studio 15
VisualStudioVersion = 15.0.28307.168
MinimumVisualStudioVersion = 10.0.40219.1
Project("{F184B08F-C81C-45F6-A57F-5ABD9991F28F}") = "RmonTronrec-UniveralWindows", "RmonTronrec-UniveralWindows\RmonTronrec-UniveralWindows.vbproj", "{A2AC7D43-240C-433F-9790-9BDACBEAEF1C}"
EndProject
Global
	GlobalSection(SolutionConfigurationPlatforms) = preSolution
		Debug|ARM = Debug|ARM
		Debug|ARM64 = Debug|ARM64
		Debug|x64 = Debug|x64
		Debug|x86 = Debug|x86
		Release|ARM = Release|ARM
		Release|ARM64 = Release|ARM64
		Release|x64 = Release|x64
		Release|x86 = Release|x86
	EndGlobalSection
	GlobalSection(ProjectConfigurationPlatforms) = postSolution
		{A2AC7D43-240C-433F-9790-9BDACBEAEF1C}.Debug|ARM.ActiveCfg = Debug|ARM
		{A2AC7D43-240C-433F-9790-9BDACBEAEF1C}.Debug|ARM.Build.0 = Debug|ARM
		{A2AC7D43-240C-433F-9790-9BDACBEAEF1C}.Debug|ARM.Deploy.0 = Debug|ARM
		{A2AC7D43-240C-433F-9790-9BDACBEAEF1C}.Debug|ARM64.ActiveCfg = Debug|ARM64
		{A2AC7D43-240C-433F-9790-9BDACBEAEF1C}.Debug|ARM64.Build.0 = Debug|ARM64
		{A2AC7D43-240C-433F-9790-9BDACBEAEF1C}.Debug|ARM64.Deploy.0 = Debug|ARM64
		{A2AC7D43-240C-433F-9790-9BDACBEAEF1C}.Debug|x64.ActiveCfg = Debug|x64
		{A2AC7D43-240C-433F-9790-9BDACBEAEF1C}.Debug|x64.Build.0 = Debug|x64
		{A2AC7D43-240C-433F-9790-9BDACBEAEF1C}.Debug|x64.Deploy.0 = Debug|x64
		{A2AC7D43-240C-433F-9790-9BDACBEAEF1C}.Debug|x86.ActiveCfg = Debug|x86
		{A2AC7D43-240C-433F-9790-9BDACBEAEF1C}.Debug|x86.Build.0 = Debug|x86
		{A2AC7D43-240C-433F-9790-9BDACBEAEF1C}.Debug|x86.Deploy.0 = Debug|x86
		{A2AC7D43-240C-433F-9790-9BDACBEAEF1C}.Release|ARM.ActiveCfg = Release|ARM
		{A2AC7D43-240C-433F-9790-9BDACBEAEF1C}.Release|ARM.Build.0 = Release|ARM
		{A2AC7D43-240C-433F-9790-9BDACBEAEF1C}.Release|ARM.Deploy.0 = Release|ARM
		{A2AC7D43-240C-433F-9790-9BDACBEAEF1C}.Release|ARM64.ActiveCfg = Release|ARM64
		{A2AC7D43-240C-433F-9790-9BDACBEAEF1C}.Release|ARM64.Build.0 = Release|ARM64
		{A2AC7D43-240C-433F-9790-9BDACBEAEF1C}.Release|ARM64.Deploy.0 = Release|ARM64
		{A2AC7D43-240C-433F-9790-9BDACBEAEF1C}.Release|x64.ActiveCfg = Release|x64
		{A2AC7D43-240C-433F-9790-9BDACBEAEF1C}.Release|x64.Build.0 = Release|x64
		{A2AC7D43-240C-433F-9790-9BDACBEAEF1C}.Release|x64.Deploy.0 = Release|x64
		{A2AC7D43-240C-433F-9790-9BDACBEAEF1C}.Release|x86.ActiveCfg = Release|x86
		{A2AC7D43-240C-433F-9790-9BDACBEAEF1C}.Release|x86.Build.0 = Release|x86
		{A2AC7D43-240C-433F-9790-9BDACBEAEF1C}.Release|x86.Deploy.0 = Release|x86
	EndGlobalSection
	GlobalSection(SolutionProperties) = preSolution
		HideSolutionNode = FALSE
	EndGlobalSection
	GlobalSection(ExtensibilityGlobals) = postSolution
		SolutionGuid = {5437BB19-E09D-4899-A364-8726BAE4E49C}
	EndGlobalSection
EndGlobal
